
Microsoft Visual Studio Solution File, Format Version 12.00
Project("{FAE04EC0-301F-11D3-BF4B-00C04F79EFBC}") = "Client", "Client\src\Client.csproj", "{5F3B6FE6-8A71-42E5-B6BC-35F0CBBCA261}"
EndProject
Project("{FAE04EC0-301F-11D3-BF4B-00C04F79EFBC}") = "Server", "Server\src\Server.csproj", "{2E697AA9-562B-4348-851D-1947E8CA8523}"
EndProject
Global
	GlobalSection(SolutionConfigurationPlatforms) = preSolution
		Debug|Any CPU = Debug|Any CPU
		Release|Any CPU = Release|Any CPU
	EndGlobalSection
	GlobalSection(ProjectConfigurationPlatforms) = postSolution
		{5F3B6FE6-8A71-42E5-B6BC-35F0CBBCA261}.Debug|Any CPU.ActiveCfg = Debug|Any CPU
		{5F3B6FE6-8A71-42E5-B6BC-35F0CBBCA261}.Debug|Any CPU.Build.0 = Debug|Any CPU
		{5F3B6FE6-8A71-42E5-B6BC-35F0CBBCA261}.Release|Any CPU.ActiveCfg = Release|Any CPU
		{5F3B6FE6-8A71-42E5-B6BC-35F0CBBCA261}.Release|Any CPU.Build.0 = Release|Any CPU
		{2E697AA9-562B-4348-851D-1947E8CA8523}.Debug|Any CPU.ActiveCfg = Debug|Any CPU
		{2E697AA9-562B-4348-851D-1947E8CA8523}.Debug|Any CPU.Build.0 = Debug|Any CPU
		{2E697AA9-562B-4348-851D-1947E8CA8523}.Release|Any CPU.ActiveCfg = Release|Any CPU
		{2E697AA9-562B-4348-851D-1947E8CA8523}.Release|Any CPU.Build.0 = Release|Any CPU
	EndGlobalSection
EndGlobal
